
Microsoft Visual Studio Solution File, Format Version 12.00
# Visual Studio Version 17
VisualStudioVersion = 17.4.33103.184
MinimumVisualStudioVersion = 10.0.40219.1
Project("{2150E333-8FDC-42A3-9474-1A3956D46DE8}") = "src", "src", "{B99E2263-1E96-4DD5-8D50-D9646AB95ED7}"
EndProject
Project("{2150E333-8FDC-42A3-9474-1A3956D46DE8}") = "test", "test", "{816BA90D-9301-4F33-8B62-EF59ED8851D4}"
EndProject
Project("{2150E333-8FDC-42A3-9474-1A3956D46DE8}") = "API", "API", "{048374AB-E552-4917-AD60-16CC6CCBFE82}"
EndProject
Project("{2150E333-8FDC-42A3-9474-1A3956D46DE8}") = "Infrastructure", "Infrastructure", "{10E7A578-5640-408A-9ACB-9E0E8782FD45}"
EndProject
Project("{2150E333-8FDC-42A3-9474-1A3956D46DE8}") = "Core", "Core", "{9FF0AEB0-D7A0-4E4E-99A6-C7CD29AC7B09}"
EndProject
Project("{2150E333-8FDC-42A3-9474-1A3956D46DE8}") = "UI", "UI", "{84B64A7A-208C-4F93-9CA6-6EED94511606}"
EndProject
Project("{9A19103F-16F7-4668-BE54-9A1E7A4F7556}") = "GloboTicket.TicketManagement.Domain", "GloboTicket.TicketManagement.Domain\GloboTicket.TicketManagement.Domain.csproj", "{E76BF3BB-9D3C-444A-895E-4E143529EFE5}"
EndProject
Project("{9A19103F-16F7-4668-BE54-9A1E7A4F7556}") = "GloboTicket.TicketManagement.Application", "GloboTicket.TicketManagement.Application\GloboTicket.TicketManagement.Application.csproj", "{B2898A41-B5F6-4D92-A6AE-BD0A7CF43E5E}"
EndProject
Project("{9A19103F-16F7-4668-BE54-9A1E7A4F7556}") = "GloboTicket.TicketManagement.Persistance", "GloboTciket.TicketManagement.Persistance\GloboTicket.TicketManagement.Persistance.csproj", "{4FC39A2C-406E-4DEE-BBBE-E7C2F27261E7}"
EndProject
Project("{9A19103F-16F7-4668-BE54-9A1E7A4F7556}") = "GloboTicket.TicketManagement.Infrastructure", "GloboTicket.TicketManagement.Infrastructure\GloboTicket.TicketManagement.Infrastructure.csproj", "{A77B4FE3-4771-4D77-9B21-34ED1CAA1578}"
EndProject
Project("{9A19103F-16F7-4668-BE54-9A1E7A4F7556}") = "GloboTicket.TicketManagement.Api", "GloboTicket.TicketManagement.Api\GloboTicket.TicketManagement.Api.csproj", "{FD7BBC4B-8AAD-4384-AABA-524AB9B70507}"
EndProject
Project("{9A19103F-16F7-4668-BE54-9A1E7A4F7556}") = "GloboTicket.TicketManagement.Application.UnitTests", "GloboTicket.TicketManagement.Application.UnitTests\GloboTicket.TicketManagement.Application.UnitTests.csproj", "{915AB805-3909-4AD4-A776-D965AFD991E4}"
EndProject
Project("{9A19103F-16F7-4668-BE54-9A1E7A4F7556}") = "GloboTicket.TicketManagement.API.IntegrationTests", "GloboTicket.TicketManagement.API.IntegrationTests\GloboTicket.TicketManagement.API.IntegrationTests.csproj", "{44EA8627-C2EE-42D1-9ECE-BEA332FA4803}"
EndProject
Project("{9A19103F-16F7-4668-BE54-9A1E7A4F7556}") = "GloboTicket.TicketManagement.Persistence.IntegrationTests", "GloboTicket.TicketManagement.Persistence.IntegrationTests\GloboTicket.TicketManagement.Persistence.IntegrationTests.csproj", "{61DC2AF8-BE45-4DBB-997B-95879CF4BC79}"
EndProject
Global
	GlobalSection(SolutionConfigurationPlatforms) = preSolution
		Debug|Any CPU = Debug|Any CPU
		Release|Any CPU = Release|Any CPU
	EndGlobalSection
	GlobalSection(ProjectConfigurationPlatforms) = postSolution
		{E76BF3BB-9D3C-444A-895E-4E143529EFE5}.Debug|Any CPU.ActiveCfg = Debug|Any CPU
		{E76BF3BB-9D3C-444A-895E-4E143529EFE5}.Debug|Any CPU.Build.0 = Debug|Any CPU
		{E76BF3BB-9D3C-444A-895E-4E143529EFE5}.Release|Any CPU.ActiveCfg = Release|Any CPU
		{E76BF3BB-9D3C-444A-895E-4E143529EFE5}.Release|Any CPU.Build.0 = Release|Any CPU
		{B2898A41-B5F6-4D92-A6AE-BD0A7CF43E5E}.Debug|Any CPU.ActiveCfg = Debug|Any CPU
		{B2898A41-B5F6-4D92-A6AE-BD0A7CF43E5E}.Debug|Any CPU.Build.0 = Debug|Any CPU
		{B2898A41-B5F6-4D92-A6AE-BD0A7CF43E5E}.Release|Any CPU.ActiveCfg = Release|Any CPU
		{B2898A41-B5F6-4D92-A6AE-BD0A7CF43E5E}.Release|Any CPU.Build.0 = Release|Any CPU
		{4FC39A2C-406E-4DEE-BBBE-E7C2F27261E7}.Debug|Any CPU.ActiveCfg = Debug|Any CPU
		{4FC39A2C-406E-4DEE-BBBE-E7C2F27261E7}.Debug|Any CPU.Build.0 = Debug|Any CPU
		{4FC39A2C-406E-4DEE-BBBE-E7C2F27261E7}.Release|Any CPU.ActiveCfg = Release|Any CPU
		{4FC39A2C-406E-4DEE-BBBE-E7C2F27261E7}.Release|Any CPU.Build.0 = Release|Any CPU
		{A77B4FE3-4771-4D77-9B21-34ED1CAA1578}.Debug|Any CPU.ActiveCfg = Debug|Any CPU
		{A77B4FE3-4771-4D77-9B21-34ED1CAA1578}.Debug|Any CPU.Build.0 = Debug|Any CPU
		{A77B4FE3-4771-4D77-9B21-34ED1CAA1578}.Release|Any CPU.ActiveCfg = Release|Any CPU
		{A77B4FE3-4771-4D77-9B21-34ED1CAA1578}.Release|Any CPU.Build.0 = Release|Any CPU
		{FD7BBC4B-8AAD-4384-AABA-524AB9B70507}.Debug|Any CPU.ActiveCfg = Debug|Any CPU
		{FD7BBC4B-8AAD-4384-AABA-524AB9B70507}.Debug|Any CPU.Build.0 = Debug|Any CPU
		{FD7BBC4B-8AAD-4384-AABA-524AB9B70507}.Release|Any CPU.ActiveCfg = Release|Any CPU
		{FD7BBC4B-8AAD-4384-AABA-524AB9B70507}.Release|Any CPU.Build.0 = Release|Any CPU
		{915AB805-3909-4AD4-A776-D965AFD991E4}.Debug|Any CPU.ActiveCfg = Debug|Any CPU
		{915AB805-3909-4AD4-A776-D965AFD991E4}.Debug|Any CPU.Build.0 = Debug|Any CPU
		{915AB805-3909-4AD4-A776-D965AFD991E4}.Release|Any CPU.ActiveCfg = Release|Any CPU
		{915AB805-3909-4AD4-A776-D965AFD991E4}.Release|Any CPU.Build.0 = Release|Any CPU
		{44EA8627-C2EE-42D1-9ECE-BEA332FA4803}.Debug|Any CPU.ActiveCfg = Debug|Any CPU
		{44EA8627-C2EE-42D1-9ECE-BEA332FA4803}.Debug|Any CPU.Build.0 = Debug|Any CPU
		{44EA8627-C2EE-42D1-9ECE-BEA332FA4803}.Release|Any CPU.ActiveCfg = Release|Any CPU
		{44EA8627-C2EE-42D1-9ECE-BEA332FA4803}.Release|Any CPU.Build.0 = Release|Any CPU
		{61DC2AF8-BE45-4DBB-997B-95879CF4BC79}.Debug|Any CPU.ActiveCfg = Debug|Any CPU
		{61DC2AF8-BE45-4DBB-997B-95879CF4BC79}.Debug|Any CPU.Build.0 = Debug|Any CPU
		{61DC2AF8-BE45-4DBB-997B-95879CF4BC79}.Release|Any CPU.ActiveCfg = Release|Any CPU
		{61DC2AF8-BE45-4DBB-997B-95879CF4BC79}.Release|Any CPU.Build.0 = Release|Any CPU
	EndGlobalSection
	GlobalSection(SolutionProperties) = preSolution
		HideSolutionNode = FALSE
	EndGlobalSection
	GlobalSection(NestedProjects) = preSolution
		{048374AB-E552-4917-AD60-16CC6CCBFE82} = {B99E2263-1E96-4DD5-8D50-D9646AB95ED7}
		{10E7A578-5640-408A-9ACB-9E0E8782FD45} = {B99E2263-1E96-4DD5-8D50-D9646AB95ED7}
		{9FF0AEB0-D7A0-4E4E-99A6-C7CD29AC7B09} = {B99E2263-1E96-4DD5-8D50-D9646AB95ED7}
		{84B64A7A-208C-4F93-9CA6-6EED94511606} = {B99E2263-1E96-4DD5-8D50-D9646AB95ED7}
		{E76BF3BB-9D3C-444A-895E-4E143529EFE5} = {9FF0AEB0-D7A0-4E4E-99A6-C7CD29AC7B09}
		{B2898A41-B5F6-4D92-A6AE-BD0A7CF43E5E} = {9FF0AEB0-D7A0-4E4E-99A6-C7CD29AC7B09}
		{4FC39A2C-406E-4DEE-BBBE-E7C2F27261E7} = {10E7A578-5640-408A-9ACB-9E0E8782FD45}
		{A77B4FE3-4771-4D77-9B21-34ED1CAA1578} = {10E7A578-5640-408A-9ACB-9E0E8782FD45}
		{FD7BBC4B-8AAD-4384-AABA-524AB9B70507} = {048374AB-E552-4917-AD60-16CC6CCBFE82}
		{915AB805-3909-4AD4-A776-D965AFD991E4} = {816BA90D-9301-4F33-8B62-EF59ED8851D4}
		{44EA8627-C2EE-42D1-9ECE-BEA332FA4803} = {816BA90D-9301-4F33-8B62-EF59ED8851D4}
		{61DC2AF8-BE45-4DBB-997B-95879CF4BC79} = {816BA90D-9301-4F33-8B62-EF59ED8851D4}
	EndGlobalSection
	GlobalSection(ExtensibilityGlobals) = postSolution
		SolutionGuid = {A3E9FBEA-13A8-42F9-90D8-0C00EEFAADA6}
	EndGlobalSection
EndGlobal
